
Microsoft Visual Studio Solution File, Format Version 12.00
# Visual Studio Version 17
VisualStudioVersion = 17.5.33516.290
MinimumVisualStudioVersion = 10.0.40219.1
Project("{9A19103F-16F7-4668-BE54-9A1E7A4F7556}") = "NotificationService", "src\NotificationService\NotificationService.csproj", "{53576446-EB72-43AB-A975-1B388913B86B}"
EndProject
Project("{FAE04EC0-301F-11D3-BF4B-00C04F79EFBC}") = "EventsConsumer", "src\EventsConsumer\EventsConsumer.csproj", "{49DE1178-B100-4D63-8339-21159F66E46A}"
EndProject
Project("{FAE04EC0-301F-11D3-BF4B-00C04F79EFBC}") = "Shared", "src\Shared\Shared.csproj", "{F707026A-2C94-4DFB-B647-003B94682C5D}"
EndProject
Project("{2150E333-8FDC-42A3-9474-1A3956D46DE8}") = "AuthService", "AuthService", "{2F8DB2FD-C6AA-4487-BE0D-8CA9BBD5AD8E}"
EndProject
Project("{2150E333-8FDC-42A3-9474-1A3956D46DE8}") = "EventsConsumer", "EventsConsumer", "{045822A1-E01F-489F-83D6-F20B25FFD0DC}"
EndProject
Project("{2150E333-8FDC-42A3-9474-1A3956D46DE8}") = "NotificationService", "NotificationService", "{512FA17A-31D7-413D-A048-706C8D4D9FC3}"
EndProject
Project("{2150E333-8FDC-42A3-9474-1A3956D46DE8}") = "Shared", "Shared", "{B0E3EB72-2545-4E42-B457-759CF36CF7AE}"
EndProject
Project("{2150E333-8FDC-42A3-9474-1A3956D46DE8}") = "src", "src", "{A1D82113-8D13-4997-92B5-8EFF35360653}"
EndProject
Project("{2150E333-8FDC-42A3-9474-1A3956D46DE8}") = "tests", "tests", "{0A7EC091-9FA1-49D0-A472-D5747105D545}"
EndProject
Project("{FAE04EC0-301F-11D3-BF4B-00C04F79EFBC}") = "AuthService.Api", "src\AuthService\AuthService.Api\AuthService.Api.csproj", "{C1876CA3-1C8F-4EC6-9EC8-0B31EDF91F5D}"
EndProject
Project("{FAE04EC0-301F-11D3-BF4B-00C04F79EFBC}") = "AuthService.Application", "src\AuthService\AuthService.Application\AuthService.Application.csproj", "{82A7195E-FFE8-481A-AD63-A643311712AA}"
EndProject
Project("{FAE04EC0-301F-11D3-BF4B-00C04F79EFBC}") = "AuthService.Domain", "src\AuthService\AuthService.Domain\AuthService.Domain.csproj", "{2ACAF579-2CD3-4E85-83B6-D27362F0A9BB}"
EndProject
Project("{FAE04EC0-301F-11D3-BF4B-00C04F79EFBC}") = "AuthService.Infrastructure", "src\AuthService\AuthService.Infrastructure\AuthService.Infrastructure.csproj", "{CA56FE0E-46AB-4F0A-A85B-2C8C66FF8DB0}"
EndProject
Project("{2150E333-8FDC-42A3-9474-1A3956D46DE8}") = "BarcodeService", "BarcodeService", "{68063181-3B2F-48FF-B744-561A05D4822A}"
EndProject
Project("{FAE04EC0-301F-11D3-BF4B-00C04F79EFBC}") = "BarcodeService.Api", "src\BarcodeService\BarcodeService.Api\BarcodeService.Api.csproj", "{07710140-9CBC-4291-8B3E-0B899109CAE3}"
EndProject
Project("{FAE04EC0-301F-11D3-BF4B-00C04F79EFBC}") = "BarcodeService.Application", "src\BarcodeService\BarcodeService.Application\BarcodeService.Application.csproj", "{880ECAD9-621B-4481-A1AB-1239DC57B213}"
EndProject
Project("{FAE04EC0-301F-11D3-BF4B-00C04F79EFBC}") = "BarcodeService.Domain", "src\BarcodeService\BarcodeService.Domain\BarcodeService.Domain.csproj", "{0F474B3B-7DD5-44C6-8D2E-404E205937B5}"
EndProject
Project("{FAE04EC0-301F-11D3-BF4B-00C04F79EFBC}") = "BarcodeService.Infrastructure", "src\BarcodeService\BarcodeService.Infrastructure\BarcodeService.Infrastructure.csproj", "{EAF5320E-6789-4BB9-8B92-7F01F5546140}"
EndProject
Project("{FAE04EC0-301F-11D3-BF4B-00C04F79EFBC}") = "BarcodeService.Tests", "tests\BarcodeService.Tests\BarcodeService.Tests.csproj", "{EF45B89F-EC87-46F1-BD92-C82D59ED34C0}"
EndProject
Global
	GlobalSection(SolutionConfigurationPlatforms) = preSolution
		Debug|Any CPU = Debug|Any CPU
		Release|Any CPU = Release|Any CPU
	EndGlobalSection
	GlobalSection(ProjectConfigurationPlatforms) = postSolution
		{53576446-EB72-43AB-A975-1B388913B86B}.Debug|Any CPU.ActiveCfg = Debug|Any CPU
		{53576446-EB72-43AB-A975-1B388913B86B}.Debug|Any CPU.Build.0 = Debug|Any CPU
		{53576446-EB72-43AB-A975-1B388913B86B}.Release|Any CPU.ActiveCfg = Release|Any CPU
		{53576446-EB72-43AB-A975-1B388913B86B}.Release|Any CPU.Build.0 = Release|Any CPU
		{62BFA382-9BD3-4E88-A596-214E7E889E27}.Debug|Any CPU.ActiveCfg = Debug|Any CPU
		{62BFA382-9BD3-4E88-A596-214E7E889E27}.Debug|Any CPU.Build.0 = Debug|Any CPU
		{62BFA382-9BD3-4E88-A596-214E7E889E27}.Release|Any CPU.ActiveCfg = Release|Any CPU
		{62BFA382-9BD3-4E88-A596-214E7E889E27}.Release|Any CPU.Build.0 = Release|Any CPU
		{49DE1178-B100-4D63-8339-21159F66E46A}.Debug|Any CPU.ActiveCfg = Debug|Any CPU
		{49DE1178-B100-4D63-8339-21159F66E46A}.Debug|Any CPU.Build.0 = Debug|Any CPU
		{49DE1178-B100-4D63-8339-21159F66E46A}.Release|Any CPU.ActiveCfg = Release|Any CPU
		{49DE1178-B100-4D63-8339-21159F66E46A}.Release|Any CPU.Build.0 = Release|Any CPU
		{F707026A-2C94-4DFB-B647-003B94682C5D}.Debug|Any CPU.ActiveCfg = Debug|Any CPU
		{F707026A-2C94-4DFB-B647-003B94682C5D}.Debug|Any CPU.Build.0 = Debug|Any CPU
		{F707026A-2C94-4DFB-B647-003B94682C5D}.Release|Any CPU.ActiveCfg = Release|Any CPU
		{F707026A-2C94-4DFB-B647-003B94682C5D}.Release|Any CPU.Build.0 = Release|Any CPU
		{C1876CA3-1C8F-4EC6-9EC8-0B31EDF91F5D}.Debug|Any CPU.ActiveCfg = Debug|Any CPU
		{C1876CA3-1C8F-4EC6-9EC8-0B31EDF91F5D}.Debug|Any CPU.Build.0 = Debug|Any CPU
		{C1876CA3-1C8F-4EC6-9EC8-0B31EDF91F5D}.Release|Any CPU.ActiveCfg = Release|Any CPU
		{C1876CA3-1C8F-4EC6-9EC8-0B31EDF91F5D}.Release|Any CPU.Build.0 = Release|Any CPU
		{82A7195E-FFE8-481A-AD63-A643311712AA}.Debug|Any CPU.ActiveCfg = Debug|Any CPU
		{82A7195E-FFE8-481A-AD63-A643311712AA}.Debug|Any CPU.Build.0 = Debug|Any CPU
		{82A7195E-FFE8-481A-AD63-A643311712AA}.Release|Any CPU.ActiveCfg = Release|Any CPU
		{82A7195E-FFE8-481A-AD63-A643311712AA}.Release|Any CPU.Build.0 = Release|Any CPU
		{2ACAF579-2CD3-4E85-83B6-D27362F0A9BB}.Debug|Any CPU.ActiveCfg = Debug|Any CPU
		{2ACAF579-2CD3-4E85-83B6-D27362F0A9BB}.Debug|Any CPU.Build.0 = Debug|Any CPU
		{2ACAF579-2CD3-4E85-83B6-D27362F0A9BB}.Release|Any CPU.ActiveCfg = Release|Any CPU
		{2ACAF579-2CD3-4E85-83B6-D27362F0A9BB}.Release|Any CPU.Build.0 = Release|Any CPU
		{CA56FE0E-46AB-4F0A-A85B-2C8C66FF8DB0}.Debug|Any CPU.ActiveCfg = Debug|Any CPU
		{CA56FE0E-46AB-4F0A-A85B-2C8C66FF8DB0}.Debug|Any CPU.Build.0 = Debug|Any CPU
		{CA56FE0E-46AB-4F0A-A85B-2C8C66FF8DB0}.Release|Any CPU.ActiveCfg = Release|Any CPU
		{CA56FE0E-46AB-4F0A-A85B-2C8C66FF8DB0}.Release|Any CPU.Build.0 = Release|Any CPU
		{07710140-9CBC-4291-8B3E-0B899109CAE3}.Debug|Any CPU.ActiveCfg = Debug|Any CPU
		{07710140-9CBC-4291-8B3E-0B899109CAE3}.Debug|Any CPU.Build.0 = Debug|Any CPU
		{07710140-9CBC-4291-8B3E-0B899109CAE3}.Release|Any CPU.ActiveCfg = Release|Any CPU
		{07710140-9CBC-4291-8B3E-0B899109CAE3}.Release|Any CPU.Build.0 = Release|Any CPU
		{880ECAD9-621B-4481-A1AB-1239DC57B213}.Debug|Any CPU.ActiveCfg = Debug|Any CPU
		{880ECAD9-621B-4481-A1AB-1239DC57B213}.Debug|Any CPU.Build.0 = Debug|Any CPU
		{880ECAD9-621B-4481-A1AB-1239DC57B213}.Release|Any CPU.ActiveCfg = Release|Any CPU
		{880ECAD9-621B-4481-A1AB-1239DC57B213}.Release|Any CPU.Build.0 = Release|Any CPU
		{0F474B3B-7DD5-44C6-8D2E-404E205937B5}.Debug|Any CPU.ActiveCfg = Debug|Any CPU
		{0F474B3B-7DD5-44C6-8D2E-404E205937B5}.Debug|Any CPU.Build.0 = Debug|Any CPU
		{0F474B3B-7DD5-44C6-8D2E-404E205937B5}.Release|Any CPU.ActiveCfg = Release|Any CPU
		{0F474B3B-7DD5-44C6-8D2E-404E205937B5}.Release|Any CPU.Build.0 = Release|Any CPU
		{EAF5320E-6789-4BB9-8B92-7F01F5546140}.Debug|Any CPU.ActiveCfg = Debug|Any CPU
		{EAF5320E-6789-4BB9-8B92-7F01F5546140}.Debug|Any CPU.Build.0 = Debug|Any CPU
		{EAF5320E-6789-4BB9-8B92-7F01F5546140}.Release|Any CPU.ActiveCfg = Release|Any CPU
		{EAF5320E-6789-4BB9-8B92-7F01F5546140}.Release|Any CPU.Build.0 = Release|Any CPU
		{EF45B89F-EC87-46F1-BD92-C82D59ED34C0}.Debug|Any CPU.ActiveCfg = Debug|Any CPU
		{EF45B89F-EC87-46F1-BD92-C82D59ED34C0}.Debug|Any CPU.Build.0 = Debug|Any CPU
		{EF45B89F-EC87-46F1-BD92-C82D59ED34C0}.Release|Any CPU.ActiveCfg = Release|Any CPU
		{EF45B89F-EC87-46F1-BD92-C82D59ED34C0}.Release|Any CPU.Build.0 = Release|Any CPU
	EndGlobalSection
	GlobalSection(SolutionProperties) = preSolution
		HideSolutionNode = FALSE
	EndGlobalSection
	GlobalSection(ExtensibilityGlobals) = postSolution
		SolutionGuid = {51D0123C-CD54-4570-9398-29BC7762F3F0}
	EndGlobalSection
	GlobalSection(NestedProjects) = preSolution
		{49DE1178-B100-4D63-8339-21159F66E46A} = {045822A1-E01F-489F-83D6-F20B25FFD0DC}
		{53576446-EB72-43AB-A975-1B388913B86B} = {512FA17A-31D7-413D-A048-706C8D4D9FC3}
		{F707026A-2C94-4DFB-B647-003B94682C5D} = {B0E3EB72-2545-4E42-B457-759CF36CF7AE}
		{B0E3EB72-2545-4E42-B457-759CF36CF7AE} = {A1D82113-8D13-4997-92B5-8EFF35360653}
		{512FA17A-31D7-413D-A048-706C8D4D9FC3} = {A1D82113-8D13-4997-92B5-8EFF35360653}
		{045822A1-E01F-489F-83D6-F20B25FFD0DC} = {A1D82113-8D13-4997-92B5-8EFF35360653}
		{2F8DB2FD-C6AA-4487-BE0D-8CA9BBD5AD8E} = {A1D82113-8D13-4997-92B5-8EFF35360653}
		{C1876CA3-1C8F-4EC6-9EC8-0B31EDF91F5D} = {2F8DB2FD-C6AA-4487-BE0D-8CA9BBD5AD8E}
		{82A7195E-FFE8-481A-AD63-A643311712AA} = {2F8DB2FD-C6AA-4487-BE0D-8CA9BBD5AD8E}
		{2ACAF579-2CD3-4E85-83B6-D27362F0A9BB} = {2F8DB2FD-C6AA-4487-BE0D-8CA9BBD5AD8E}
		{CA56FE0E-46AB-4F0A-A85B-2C8C66FF8DB0} = {2F8DB2FD-C6AA-4487-BE0D-8CA9BBD5AD8E}
		{68063181-3B2F-48FF-B744-561A05D4822A} = {A1D82113-8D13-4997-92B5-8EFF35360653}
		{07710140-9CBC-4291-8B3E-0B899109CAE3} = {68063181-3B2F-48FF-B744-561A05D4822A}
		{880ECAD9-621B-4481-A1AB-1239DC57B213} = {68063181-3B2F-48FF-B744-561A05D4822A}
		{0F474B3B-7DD5-44C6-8D2E-404E205937B5} = {68063181-3B2F-48FF-B744-561A05D4822A}
		{EAF5320E-6789-4BB9-8B92-7F01F5546140} = {68063181-3B2F-48FF-B744-561A05D4822A}
		{EF45B89F-EC87-46F1-BD92-C82D59ED34C0} = {0A7EC091-9FA1-49D0-A472-D5747105D545}
	EndGlobalSection
EndGlobal
